
Microsoft Visual Studio Solution File, Format Version 12.00
# Visual Studio Version 17
VisualStudioVersion = 17.4.33213.308
MinimumVisualStudioVersion = 10.0.40219.1
Project("{FAE04EC0-301F-11D3-BF4B-00C04F79EFBC}") = "Escuela", "Escuela.csproj", "{FD20697D-227C-4DF3-9C9D-CAE59A5ACAA5}"
EndProject
Global
	GlobalSection(SolutionConfigurationPlatforms) = preSolution
		Debug|Any CPU = Debug|Any CPU
		Release|Any CPU = Release|Any CPU
	EndGlobalSection
	GlobalSection(ProjectConfigurationPlatforms) = postSolution
		{FD20697D-227C-4DF3-9C9D-CAE59A5ACAA5}.Debug|Any CPU.ActiveCfg = Debug|Any CPU
		{FD20697D-227C-4DF3-9C9D-CAE59A5ACAA5}.Debug|Any CPU.Build.0 = Debug|Any CPU
		{FD20697D-227C-4DF3-9C9D-CAE59A5ACAA5}.Release|Any CPU.ActiveCfg = Release|Any CPU
		{FD20697D-227C-4DF3-9C9D-CAE59A5ACAA5}.Release|Any CPU.Build.0 = Release|Any CPU
	EndGlobalSection
	GlobalSection(SolutionProperties) = preSolution
		HideSolutionNode = FALSE
	EndGlobalSection
	GlobalSection(ExtensibilityGlobals) = postSolution
		SolutionGuid = {368314A2-7628-4502-A925-9D3053C0F6AD}
	EndGlobalSection
EndGlobal
